
Microsoft Visual Studio Solution File, Format Version 12.00
# Visual Studio Version 16
VisualStudioVersion = 16.0.34601.136
MinimumVisualStudioVersion = 10.0.40219.1
Project("{FAE04EC0-301F-11D3-BF4B-00C04F79EFBC}") = "WebApplication4", "WebApplication4\WebApplication4.csproj", "{C430C957-5A5F-4513-88B6-A537773E4100}"
EndProject
Project("{FAE04EC0-301F-11D3-BF4B-00C04F79EFBC}") = "ClassLibrary1", "ClassLibrary1\ClassLibrary1.csproj", "{A8B56074-DF1A-4CFE-85F9-5142544E467E}"
EndProject
Global
	GlobalSection(SolutionConfigurationPlatforms) = preSolution
		Debug|Any CPU = Debug|Any CPU
		Release|Any CPU = Release|Any CPU
	EndGlobalSection
	GlobalSection(ProjectConfigurationPlatforms) = postSolution
		{C430C957-5A5F-4513-88B6-A537773E4100}.Debug|Any CPU.ActiveCfg = Debug|Any CPU
		{C430C957-5A5F-4513-88B6-A537773E4100}.Debug|Any CPU.Build.0 = Debug|Any CPU
		{C430C957-5A5F-4513-88B6-A537773E4100}.Release|Any CPU.ActiveCfg = Release|Any CPU
		{C430C957-5A5F-4513-88B6-A537773E4100}.Release|Any CPU.Build.0 = Release|Any CPU
		{A8B56074-DF1A-4CFE-85F9-5142544E467E}.Debug|Any CPU.ActiveCfg = Debug|Any CPU
		{A8B56074-DF1A-4CFE-85F9-5142544E467E}.Debug|Any CPU.Build.0 = Debug|Any CPU
		{A8B56074-DF1A-4CFE-85F9-5142544E467E}.Release|Any CPU.ActiveCfg = Release|Any CPU
		{A8B56074-DF1A-4CFE-85F9-5142544E467E}.Release|Any CPU.Build.0 = Release|Any CPU
	EndGlobalSection
	GlobalSection(SolutionProperties) = preSolution
		HideSolutionNode = FALSE
	EndGlobalSection
	GlobalSection(ExtensibilityGlobals) = postSolution
		SolutionGuid = {47958A4F-43A8-41B0-AC2B-3BA8F306BA71}
	EndGlobalSection
EndGlobal
